// !$*UTF8*$!
{
	archiveVersion = 1;
	classes = {
	};
	objectVersion = 56;
	objects = {

/* Begin PBXBuildFile section */
		073A22642BDD9FA200B1E4D6 /* MooMenuApp.swift in Sources */ = {isa = PBXBuildFile; fileRef = 073A22632BDD9FA200B1E4D6 /* MooMenuApp.swift */; };
		073A22662BDD9FA200B1E4D6 /* RootView.swift in Sources */ = {isa = PBXBuildFile; fileRef = 073A22652BDD9FA200B1E4D6 /* RootView.swift */; };
		073A22682BDD9FA500B1E4D6 /* Assets.xcassets in Resources */ = {isa = PBXBuildFile; fileRef = 073A22672BDD9FA500B1E4D6 /* Assets.xcassets */; };
		073A226B2BDD9FA500B1E4D6 /* Preview Assets.xcassets in Resources */ = {isa = PBXBuildFile; fileRef = 073A226A2BDD9FA500B1E4D6 /* Preview Assets.xcassets */; };
		076EF3D42BDDE21000BBAACA /* UserViewModel.swift in Sources */ = {isa = PBXBuildFile; fileRef = 076EF3D32BDDE21000BBAACA /* UserViewModel.swift */; };
		076EF3DF2BDDF4C500BBAACA /* CatergoryTabView.swift in Sources */ = {isa = PBXBuildFile; fileRef = 076EF3DE2BDDF4C500BBAACA /* CatergoryTabView.swift */; };
		076EF3E12BDE0B9700BBAACA /* RecipeItemView.swift in Sources */ = {isa = PBXBuildFile; fileRef = 076EF3E02BDE0B9700BBAACA /* RecipeItemView.swift */; };
		076EF3E32BDE92C600BBAACA /* PostRecipeView.swift in Sources */ = {isa = PBXBuildFile; fileRef = 076EF3E22BDE92C600BBAACA /* PostRecipeView.swift */; };
		076EF3E52BDE92EA00BBAACA /* PostRecipeButton.swift in Sources */ = {isa = PBXBuildFile; fileRef = 076EF3E42BDE92EA00BBAACA /* PostRecipeButton.swift */; };
		076EF3E92BDE976200BBAACA /* PostRecipeViewModel.swift in Sources */ = {isa = PBXBuildFile; fileRef = 076EF3E82BDE976200BBAACA /* PostRecipeViewModel.swift */; };
		076EF3EB2BDE97FE00BBAACA /* SelectViewModel.swift in Sources */ = {isa = PBXBuildFile; fileRef = 076EF3EA2BDE97FE00BBAACA /* SelectViewModel.swift */; };
		076EF3ED2BDE98BF00BBAACA /* RecipeModel.swift in Sources */ = {isa = PBXBuildFile; fileRef = 076EF3EC2BDE98BF00BBAACA /* RecipeModel.swift */; };
		076EF3EF2BDE9BCC00BBAACA /* RecipeManager.swift in Sources */ = {isa = PBXBuildFile; fileRef = 076EF3EE2BDE9BCC00BBAACA /* RecipeManager.swift */; };
		0770E1772BDDA4CC005602F0 /* GoogleService-Info.plist in Resources */ = {isa = PBXBuildFile; fileRef = 0770E1762BDDA4CC005602F0 /* GoogleService-Info.plist */; };
		0770E17F2BDDA9A3005602F0 /* GoogleSignInButton.swift in Sources */ = {isa = PBXBuildFile; fileRef = 0770E17E2BDDA9A2005602F0 /* GoogleSignInButton.swift */; };
		0770E1812BDDAA1B005602F0 /* LoginView.swift in Sources */ = {isa = PBXBuildFile; fileRef = 0770E1802BDDAA1B005602F0 /* LoginView.swift */; };
		0770E1832BDDAA25005602F0 /* LoginViewModel.swift in Sources */ = {isa = PBXBuildFile; fileRef = 0770E1822BDDAA25005602F0 /* LoginViewModel.swift */; };
		0770E1852BDDAA48005602F0 /* SignInGoogleHelper.swift in Sources */ = {isa = PBXBuildFile; fileRef = 0770E1842BDDAA48005602F0 /* SignInGoogleHelper.swift */; };
		0770E1872BDDAA61005602F0 /* AuthenticationManager.swift in Sources */ = {isa = PBXBuildFile; fileRef = 0770E1862BDDAA61005602F0 /* AuthenticationManager.swift */; };
		0770E1892BDDAAA8005602F0 /* Utilities.swift in Sources */ = {isa = PBXBuildFile; fileRef = 0770E1882BDDAAA8005602F0 /* Utilities.swift */; };
		07A44ED32BDDAC900032E86B /* UserModel.swift in Sources */ = {isa = PBXBuildFile; fileRef = 07A44ED22BDDAC900032E86B /* UserModel.swift */; };
		07A44ED52BDDACE50032E86B /* UserManager.swift in Sources */ = {isa = PBXBuildFile; fileRef = 07A44ED42BDDACE50032E86B /* UserManager.swift */; };
		07A44ED72BDDBACA0032E86B /* HomeView.swift in Sources */ = {isa = PBXBuildFile; fileRef = 07A44ED62BDDBACA0032E86B /* HomeView.swift */; };
		07A44EE22BDDD4CD0032E86B /* SelectView.swift in Sources */ = {isa = PBXBuildFile; fileRef = 07A44EE12BDDD4CD0032E86B /* SelectView.swift */; };
		07A44EE42BDDD5E60032E86B /* FavoriteView.swift in Sources */ = {isa = PBXBuildFile; fileRef = 07A44EE32BDDD5E60032E86B /* FavoriteView.swift */; };
		07A44EE62BDDD5F00032E86B /* ProfileView.swift in Sources */ = {isa = PBXBuildFile; fileRef = 07A44EE52BDDD5F00032E86B /* ProfileView.swift */; };
		80358E832BDDEE0800A5AA40 /* CarouselView.swift in Sources */ = {isa = PBXBuildFile; fileRef = 80358E822BDDEE0800A5AA40 /* CarouselView.swift */; };
		80A24CCB2BDDE9CD00C5467E /* FirebaseAnalytics in Frameworks */ = {isa = PBXBuildFile; productRef = 80A24CCA2BDDE9CD00C5467E /* FirebaseAnalytics */; };
		80A24CCD2BDDE9CD00C5467E /* FirebaseAnalyticsSwift in Frameworks */ = {isa = PBXBuildFile; productRef = 80A24CCC2BDDE9CD00C5467E /* FirebaseAnalyticsSwift */; };
		80A24CCF2BDDE9CD00C5467E /* FirebaseAuth in Frameworks */ = {isa = PBXBuildFile; productRef = 80A24CCE2BDDE9CD00C5467E /* FirebaseAuth */; };
		80A24CD12BDDE9CD00C5467E /* FirebaseFirestore in Frameworks */ = {isa = PBXBuildFile; productRef = 80A24CD02BDDE9CD00C5467E /* FirebaseFirestore */; };
		80A24CD32BDDE9CD00C5467E /* FirebaseFirestoreSwift in Frameworks */ = {isa = PBXBuildFile; productRef = 80A24CD22BDDE9CD00C5467E /* FirebaseFirestoreSwift */; };
		80A24CD52BDDE9CD00C5467E /* FirebaseStorage in Frameworks */ = {isa = PBXBuildFile; productRef = 80A24CD42BDDE9CD00C5467E /* FirebaseStorage */; };
		80A24CD72BDDE9D500C5467E /* GoogleSignIn in Frameworks */ = {isa = PBXBuildFile; productRef = 80A24CD62BDDE9D500C5467E /* GoogleSignIn */; };
		80A24CD92BDDE9D500C5467E /* GoogleSignInSwift in Frameworks */ = {isa = PBXBuildFile; productRef = 80A24CD82BDDE9D500C5467E /* GoogleSignInSwift */; };
		80A549702BDDD53B00C0E45B /* SearchBarView.swift in Sources */ = {isa = PBXBuildFile; fileRef = 80A5496F2BDDD53B00C0E45B /* SearchBarView.swift */; };
		80D6588E2BDE1040003DD900 /* SearchView.swift in Sources */ = {isa = PBXBuildFile; fileRef = 80D6588D2BDE1040003DD900 /* SearchView.swift */; };
		80D658902BDEA1BB003DD900 /* RecipeView.swift in Sources */ = {isa = PBXBuildFile; fileRef = 80D6588F2BDEA1BB003DD900 /* RecipeView.swift */; };
		80F2268F2BDDEFEE002B6674 /* RecipeCardView.swift in Sources */ = {isa = PBXBuildFile; fileRef = 80F2268E2BDDEFEE002B6674 /* RecipeCardView.swift */; };
		B35415402BDDEFA1005EE291 /* dairyfree.json in Resources */ = {isa = PBXBuildFile; fileRef = B35415392BDDEFA1005EE291 /* dairyfree.json */; };
		B35415412BDDEFA1005EE291 /* eggfree.json in Resources */ = {isa = PBXBuildFile; fileRef = B354153A2BDDEFA1005EE291 /* eggfree.json */; };
		B35415422BDDEFA1005EE291 /* glutenfree.json in Resources */ = {isa = PBXBuildFile; fileRef = B354153B2BDDEFA1005EE291 /* glutenfree.json */; };
		B35415432BDDEFA1005EE291 /* peanutfree.json in Resources */ = {isa = PBXBuildFile; fileRef = B354153C2BDDEFA1005EE291 /* peanutfree.json */; };
		B35415442BDDEFA1005EE291 /* vegan.json in Resources */ = {isa = PBXBuildFile; fileRef = B354153D2BDDEFA1005EE291 /* vegan.json */; };
		B35415452BDDEFA1005EE291 /* vegetarian.json in Resources */ = {isa = PBXBuildFile; fileRef = B354153E2BDDEFA1005EE291 /* vegetarian.json */; };
		B354154C2BDEA5BE005EE291 /* JSONParsing.swift in Sources */ = {isa = PBXBuildFile; fileRef = B354154A2BDEA5BE005EE291 /* JSONParsing.swift */; };
		B35415502BDEA5DB005EE291 /* testing.swift in Sources */ = {isa = PBXBuildFile; fileRef = B354154E2BDEA5DB005EE291 /* testing.swift */; };
		B35415542BDEBFEF005EE291 /* HeartButtonView.swift in Sources */ = {isa = PBXBuildFile; fileRef = B35415532BDEBFEF005EE291 /* HeartButtonView.swift */; };
/* End PBXBuildFile section */

/* Begin PBXFileReference section */
		073A22602BDD9FA200B1E4D6 /* MooMenu.app */ = {isa = PBXFileReference; explicitFileType = wrapper.application; includeInIndex = 0; path = MooMenu.app; sourceTree = BUILT_PRODUCTS_DIR; };
		073A22632BDD9FA200B1E4D6 /* MooMenuApp.swift */ = {isa = PBXFileReference; lastKnownFileType = sourcecode.swift; path = MooMenuApp.swift; sourceTree = "<group>"; };
		073A22652BDD9FA200B1E4D6 /* RootView.swift */ = {isa = PBXFileReference; lastKnownFileType = sourcecode.swift; path = RootView.swift; sourceTree = "<group>"; };
		073A22672BDD9FA500B1E4D6 /* Assets.xcassets */ = {isa = PBXFileReference; lastKnownFileType = folder.assetcatalog; path = Assets.xcassets; sourceTree = "<group>"; };
		073A226A2BDD9FA500B1E4D6 /* Preview Assets.xcassets */ = {isa = PBXFileReference; lastKnownFileType = folder.assetcatalog; path = "Preview Assets.xcassets"; sourceTree = "<group>"; };
		076EF3D32BDDE21000BBAACA /* UserViewModel.swift */ = {isa = PBXFileReference; lastKnownFileType = sourcecode.swift; path = UserViewModel.swift; sourceTree = "<group>"; };
		076EF3DE2BDDF4C500BBAACA /* CatergoryTabView.swift */ = {isa = PBXFileReference; lastKnownFileType = sourcecode.swift; path = CatergoryTabView.swift; sourceTree = "<group>"; };
		076EF3E02BDE0B9700BBAACA /* RecipeItemView.swift */ = {isa = PBXFileReference; lastKnownFileType = sourcecode.swift; path = RecipeItemView.swift; sourceTree = "<group>"; };
		076EF3E22BDE92C600BBAACA /* PostRecipeView.swift */ = {isa = PBXFileReference; lastKnownFileType = sourcecode.swift; path = PostRecipeView.swift; sourceTree = "<group>"; };
		076EF3E42BDE92EA00BBAACA /* PostRecipeButton.swift */ = {isa = PBXFileReference; lastKnownFileType = sourcecode.swift; path = PostRecipeButton.swift; sourceTree = "<group>"; };
		076EF3E82BDE976200BBAACA /* PostRecipeViewModel.swift */ = {isa = PBXFileReference; lastKnownFileType = sourcecode.swift; path = PostRecipeViewModel.swift; sourceTree = "<group>"; };
		076EF3EA2BDE97FE00BBAACA /* SelectViewModel.swift */ = {isa = PBXFileReference; lastKnownFileType = sourcecode.swift; path = SelectViewModel.swift; sourceTree = "<group>"; };
		076EF3EC2BDE98BF00BBAACA /* RecipeModel.swift */ = {isa = PBXFileReference; lastKnownFileType = sourcecode.swift; path = RecipeModel.swift; sourceTree = "<group>"; };
		076EF3EE2BDE9BCC00BBAACA /* RecipeManager.swift */ = {isa = PBXFileReference; lastKnownFileType = sourcecode.swift; path = RecipeManager.swift; sourceTree = "<group>"; };
		0770E1762BDDA4CC005602F0 /* GoogleService-Info.plist */ = {isa = PBXFileReference; fileEncoding = 4; lastKnownFileType = text.plist.xml; path = "GoogleService-Info.plist"; sourceTree = "<group>"; };
		0770E17E2BDDA9A2005602F0 /* GoogleSignInButton.swift */ = {isa = PBXFileReference; lastKnownFileType = sourcecode.swift; path = GoogleSignInButton.swift; sourceTree = "<group>"; };
		0770E1802BDDAA1B005602F0 /* LoginView.swift */ = {isa = PBXFileReference; lastKnownFileType = sourcecode.swift; path = LoginView.swift; sourceTree = "<group>"; };
		0770E1822BDDAA25005602F0 /* LoginViewModel.swift */ = {isa = PBXFileReference; lastKnownFileType = sourcecode.swift; path = LoginViewModel.swift; sourceTree = "<group>"; };
		0770E1842BDDAA48005602F0 /* SignInGoogleHelper.swift */ = {isa = PBXFileReference; lastKnownFileType = sourcecode.swift; path = SignInGoogleHelper.swift; sourceTree = "<group>"; };
		0770E1862BDDAA61005602F0 /* AuthenticationManager.swift */ = {isa = PBXFileReference; lastKnownFileType = sourcecode.swift; path = AuthenticationManager.swift; sourceTree = "<group>"; };
		0770E1882BDDAAA8005602F0 /* Utilities.swift */ = {isa = PBXFileReference; lastKnownFileType = sourcecode.swift; path = Utilities.swift; sourceTree = "<group>"; };
		07A44ED22BDDAC900032E86B /* UserModel.swift */ = {isa = PBXFileReference; lastKnownFileType = sourcecode.swift; path = UserModel.swift; sourceTree = "<group>"; };
		07A44ED42BDDACE50032E86B /* UserManager.swift */ = {isa = PBXFileReference; lastKnownFileType = sourcecode.swift; path = UserManager.swift; sourceTree = "<group>"; };
		07A44ED62BDDBACA0032E86B /* HomeView.swift */ = {isa = PBXFileReference; lastKnownFileType = sourcecode.swift; path = HomeView.swift; sourceTree = "<group>"; };
		07A44EE12BDDD4CD0032E86B /* SelectView.swift */ = {isa = PBXFileReference; lastKnownFileType = sourcecode.swift; path = SelectView.swift; sourceTree = "<group>"; };
		07A44EE32BDDD5E60032E86B /* FavoriteView.swift */ = {isa = PBXFileReference; lastKnownFileType = sourcecode.swift; path = FavoriteView.swift; sourceTree = "<group>"; };
		07A44EE52BDDD5F00032E86B /* ProfileView.swift */ = {isa = PBXFileReference; lastKnownFileType = sourcecode.swift; path = ProfileView.swift; sourceTree = "<group>"; };
		80358E822BDDEE0800A5AA40 /* CarouselView.swift */ = {isa = PBXFileReference; lastKnownFileType = sourcecode.swift; path = CarouselView.swift; sourceTree = "<group>"; };
		80A5496F2BDDD53B00C0E45B /* SearchBarView.swift */ = {isa = PBXFileReference; lastKnownFileType = sourcecode.swift; path = SearchBarView.swift; sourceTree = "<group>"; };
		80D6588D2BDE1040003DD900 /* SearchView.swift */ = {isa = PBXFileReference; lastKnownFileType = sourcecode.swift; path = SearchView.swift; sourceTree = "<group>"; };
		80D6588F2BDEA1BB003DD900 /* RecipeView.swift */ = {isa = PBXFileReference; lastKnownFileType = sourcecode.swift; path = RecipeView.swift; sourceTree = "<group>"; };
		80F2268E2BDDEFEE002B6674 /* RecipeCardView.swift */ = {isa = PBXFileReference; lastKnownFileType = sourcecode.swift; path = RecipeCardView.swift; sourceTree = "<group>"; };
		B35415392BDDEFA1005EE291 /* dairyfree.json */ = {isa = PBXFileReference; fileEncoding = 4; lastKnownFileType = text.json; path = dairyfree.json; sourceTree = "<group>"; };
		B354153A2BDDEFA1005EE291 /* eggfree.json */ = {isa = PBXFileReference; fileEncoding = 4; lastKnownFileType = text.json; path = eggfree.json; sourceTree = "<group>"; };
		B354153B2BDDEFA1005EE291 /* glutenfree.json */ = {isa = PBXFileReference; fileEncoding = 4; lastKnownFileType = text.json; path = glutenfree.json; sourceTree = "<group>"; };
		B354153C2BDDEFA1005EE291 /* peanutfree.json */ = {isa = PBXFileReference; fileEncoding = 4; lastKnownFileType = text.json; path = peanutfree.json; sourceTree = "<group>"; };
		B354153D2BDDEFA1005EE291 /* vegan.json */ = {isa = PBXFileReference; fileEncoding = 4; lastKnownFileType = text.json; path = vegan.json; sourceTree = "<group>"; };
		B354153E2BDDEFA1005EE291 /* vegetarian.json */ = {isa = PBXFileReference; fileEncoding = 4; lastKnownFileType = text.json; path = vegetarian.json; sourceTree = "<group>"; };
		B354154A2BDEA5BE005EE291 /* JSONParsing.swift */ = {isa = PBXFileReference; fileEncoding = 4; lastKnownFileType = sourcecode.swift; path = JSONParsing.swift; sourceTree = "<group>"; };
		B354154E2BDEA5DB005EE291 /* testing.swift */ = {isa = PBXFileReference; fileEncoding = 4; lastKnownFileType = sourcecode.swift; path = testing.swift; sourceTree = "<group>"; };
		B35415532BDEBFEF005EE291 /* HeartButtonView.swift */ = {isa = PBXFileReference; fileEncoding = 4; lastKnownFileType = sourcecode.swift; path = HeartButtonView.swift; sourceTree = "<group>"; };
/* End PBXFileReference section */

/* Begin PBXFrameworksBuildPhase section */
		073A225D2BDD9FA200B1E4D6 /* Frameworks */ = {
			isa = PBXFrameworksBuildPhase;
			buildActionMask = 2147483647;
			files = (
				80A24CD32BDDE9CD00C5467E /* FirebaseFirestoreSwift in Frameworks */,
				80A24CCD2BDDE9CD00C5467E /* FirebaseAnalyticsSwift in Frameworks */,
				80A24CD12BDDE9CD00C5467E /* FirebaseFirestore in Frameworks */,
				80A24CD92BDDE9D500C5467E /* GoogleSignInSwift in Frameworks */,
				80A24CCF2BDDE9CD00C5467E /* FirebaseAuth in Frameworks */,
				80A24CCB2BDDE9CD00C5467E /* FirebaseAnalytics in Frameworks */,
				80A24CD52BDDE9CD00C5467E /* FirebaseStorage in Frameworks */,
				80A24CD72BDDE9D500C5467E /* GoogleSignIn in Frameworks */,
			);
			runOnlyForDeploymentPostprocessing = 0;
		};
/* End PBXFrameworksBuildPhase section */

/* Begin PBXGroup section */
		073A22572BDD9FA100B1E4D6 = {
			isa = PBXGroup;
			children = (
				073A22622BDD9FA200B1E4D6 /* MooMenu */,
				073A22612BDD9FA200B1E4D6 /* Products */,
			);
			sourceTree = "<group>";
		};
		073A22612BDD9FA200B1E4D6 /* Products */ = {
			isa = PBXGroup;
			children = (
				073A22602BDD9FA200B1E4D6 /* MooMenu.app */,
			);
			name = Products;
			sourceTree = "<group>";
		};
		073A22622BDD9FA200B1E4D6 /* MooMenu */ = {
			isa = PBXGroup;
			children = (
				B354154F2BDEA5DB005EE291 /* test */,
				B35415392BDDEFA1005EE291 /* dairyfree.json */,
				B354153A2BDDEFA1005EE291 /* eggfree.json */,
				B354153B2BDDEFA1005EE291 /* glutenfree.json */,
				B354153C2BDDEFA1005EE291 /* peanutfree.json */,
				B354153D2BDDEFA1005EE291 /* vegan.json */,
				B354153E2BDDEFA1005EE291 /* vegetarian.json */,
				80A5496E2BDDD52E00C0E45B /* Components */,
				073A22632BDD9FA200B1E4D6 /* MooMenuApp.swift */,
				0770E1762BDDA4CC005602F0 /* GoogleService-Info.plist */,
				073A22652BDD9FA200B1E4D6 /* RootView.swift */,
				07A44EE12BDDD4CD0032E86B /* SelectView.swift */,
				076EF3EA2BDE97FE00BBAACA /* SelectViewModel.swift */,
				076EF3E62BDE973E00BBAACA /* PostRecipe */,
				07A44EE32BDDD5E60032E86B /* FavoriteView.swift */,
				07A44ED62BDDBACA0032E86B /* HomeView.swift */,
				07A44EE52BDDD5F00032E86B /* ProfileView.swift */,
				80D6588D2BDE1040003DD900 /* SearchView.swift */,
				80D6588F2BDEA1BB003DD900 /* RecipeView.swift */,
				073A22672BDD9FA500B1E4D6 /* Assets.xcassets */,
				07A44ED82BDDC4180032E86B /* Login */,
				073A22692BDD9FA500B1E4D6 /* Preview Content */,
				0770E1882BDDAAA8005602F0 /* Utilities.swift */,
				07A44EDA2BDDC44C0032E86B /* Models */,
				07A44ED92BDDC43C0032E86B /* Managers */,
			);
			path = MooMenu;
			sourceTree = "<group>";
		};
		073A22692BDD9FA500B1E4D6 /* Preview Content */ = {
			isa = PBXGroup;
			children = (
				073A226A2BDD9FA500B1E4D6 /* Preview Assets.xcassets */,
			);
			path = "Preview Content";
			sourceTree = "<group>";
		};
		076EF3E62BDE973E00BBAACA /* PostRecipe */ = {
			isa = PBXGroup;
			children = (
				076EF3E22BDE92C600BBAACA /* PostRecipeView.swift */,
				076EF3E82BDE976200BBAACA /* PostRecipeViewModel.swift */,
			);
			path = PostRecipe;
			sourceTree = "<group>";
		};
		07A44ED82BDDC4180032E86B /* Login */ = {
			isa = PBXGroup;
			children = (
				0770E17E2BDDA9A2005602F0 /* GoogleSignInButton.swift */,
				0770E1862BDDAA61005602F0 /* AuthenticationManager.swift */,
				0770E1822BDDAA25005602F0 /* LoginViewModel.swift */,
				0770E1842BDDAA48005602F0 /* SignInGoogleHelper.swift */,
				0770E1802BDDAA1B005602F0 /* LoginView.swift */,
			);
			path = Login;
			sourceTree = "<group>";
		};
		07A44ED92BDDC43C0032E86B /* Managers */ = {
			isa = PBXGroup;
			children = (
				B354154A2BDEA5BE005EE291 /* JSONParsing.swift */,
				07A44ED42BDDACE50032E86B /* UserManager.swift */,
				076EF3EE2BDE9BCC00BBAACA /* RecipeManager.swift */,
			);
			path = Managers;
			sourceTree = "<group>";
		};
		07A44EDA2BDDC44C0032E86B /* Models */ = {
			isa = PBXGroup;
			children = (
				07A44ED22BDDAC900032E86B /* UserModel.swift */,
				076EF3D32BDDE21000BBAACA /* UserViewModel.swift */,
				076EF3EC2BDE98BF00BBAACA /* RecipeModel.swift */,
			);
			path = Models;
			sourceTree = "<group>";
		};
		80A5496E2BDDD52E00C0E45B /* Components */ = {
			isa = PBXGroup;
			children = (
				B35415532BDEBFEF005EE291 /* HeartButtonView.swift */,
				80A5496F2BDDD53B00C0E45B /* SearchBarView.swift */,
				076EF3DE2BDDF4C500BBAACA /* CatergoryTabView.swift */,
				076EF3E02BDE0B9700BBAACA /* RecipeItemView.swift */,
				80358E822BDDEE0800A5AA40 /* CarouselView.swift */,
				80F2268E2BDDEFEE002B6674 /* RecipeCardView.swift */,
				076EF3E42BDE92EA00BBAACA /* PostRecipeButton.swift */,
			);
			path = Components;
			sourceTree = "<group>";
		};
		B354154F2BDEA5DB005EE291 /* test */ = {
			isa = PBXGroup;
			children = (
				B354154E2BDEA5DB005EE291 /* testing.swift */,
			);
			path = test;
			sourceTree = "<group>";
		};
/* End PBXGroup section */

/* Begin PBXNativeTarget section */
		073A225F2BDD9FA200B1E4D6 /* MooMenu */ = {
			isa = PBXNativeTarget;
			buildConfigurationList = 073A226E2BDD9FA500B1E4D6 /* Build configuration list for PBXNativeTarget "MooMenu" */;
			buildPhases = (
				073A225C2BDD9FA200B1E4D6 /* Sources */,
				073A225D2BDD9FA200B1E4D6 /* Frameworks */,
				073A225E2BDD9FA200B1E4D6 /* Resources */,
			);
			buildRules = (
			);
			dependencies = (
			);
			name = MooMenu;
			packageProductDependencies = (
				80A24CCA2BDDE9CD00C5467E /* FirebaseAnalytics */,
				80A24CCC2BDDE9CD00C5467E /* FirebaseAnalyticsSwift */,
				80A24CCE2BDDE9CD00C5467E /* FirebaseAuth */,
				80A24CD02BDDE9CD00C5467E /* FirebaseFirestore */,
				80A24CD22BDDE9CD00C5467E /* FirebaseFirestoreSwift */,
				80A24CD42BDDE9CD00C5467E /* FirebaseStorage */,
				80A24CD62BDDE9D500C5467E /* GoogleSignIn */,
				80A24CD82BDDE9D500C5467E /* GoogleSignInSwift */,
			);
			productName = MooMenu;
			productReference = 073A22602BDD9FA200B1E4D6 /* MooMenu.app */;
			productType = "com.apple.product-type.application";
		};
/* End PBXNativeTarget section */

/* Begin PBXProject section */
		073A22582BDD9FA200B1E4D6 /* Project object */ = {
			isa = PBXProject;
			attributes = {
				BuildIndependentTargetsInParallel = 1;
				LastSwiftUpdateCheck = 1530;
				LastUpgradeCheck = 1530;
				TargetAttributes = {
					073A225F2BDD9FA200B1E4D6 = {
						CreatedOnToolsVersion = 15.3;
					};
				};
			};
			buildConfigurationList = 073A225B2BDD9FA200B1E4D6 /* Build configuration list for PBXProject "MooMenu" */;
			compatibilityVersion = "Xcode 14.0";
			developmentRegion = en;
			hasScannedForEncodings = 0;
			knownRegions = (
				en,
				Base,
			);
			mainGroup = 073A22572BDD9FA100B1E4D6;
			packageReferences = (
				0770E1622BDDA214005602F0 /* XCRemoteSwiftPackageReference "firebase-ios-sdk" */,
				0770E16F2BDDA264005602F0 /* XCRemoteSwiftPackageReference "GoogleSignIn-iOS" */,
			);
			productRefGroup = 073A22612BDD9FA200B1E4D6 /* Products */;
			projectDirPath = "";
			projectRoot = "";
			targets = (
				073A225F2BDD9FA200B1E4D6 /* MooMenu */,
			);
		};
/* End PBXProject section */

/* Begin PBXResourcesBuildPhase section */
		073A225E2BDD9FA200B1E4D6 /* Resources */ = {
			isa = PBXResourcesBuildPhase;
			buildActionMask = 2147483647;
			files = (
				B35415422BDDEFA1005EE291 /* glutenfree.json in Resources */,
				073A226B2BDD9FA500B1E4D6 /* Preview Assets.xcassets in Resources */,
				B35415402BDDEFA1005EE291 /* dairyfree.json in Resources */,
				B35415442BDDEFA1005EE291 /* vegan.json in Resources */,
				B35415432BDDEFA1005EE291 /* peanutfree.json in Resources */,
				073A22682BDD9FA500B1E4D6 /* Assets.xcassets in Resources */,
				B35415412BDDEFA1005EE291 /* eggfree.json in Resources */,
				B35415452BDDEFA1005EE291 /* vegetarian.json in Resources */,
				0770E1772BDDA4CC005602F0 /* GoogleService-Info.plist in Resources */,
			);
			runOnlyForDeploymentPostprocessing = 0;
		};
/* End PBXResourcesBuildPhase section */

/* Begin PBXSourcesBuildPhase section */
		073A225C2BDD9FA200B1E4D6 /* Sources */ = {
			isa = PBXSourcesBuildPhase;
			buildActionMask = 2147483647;
			files = (
				076EF3EB2BDE97FE00BBAACA /* SelectViewModel.swift in Sources */,
				076EF3E32BDE92C600BBAACA /* PostRecipeView.swift in Sources */,
				073A22662BDD9FA200B1E4D6 /* RootView.swift in Sources */,
				076EF3ED2BDE98BF00BBAACA /* RecipeModel.swift in Sources */,
				0770E17F2BDDA9A3005602F0 /* GoogleSignInButton.swift in Sources */,
				80F2268F2BDDEFEE002B6674 /* RecipeCardView.swift in Sources */,
				07A44EE22BDDD4CD0032E86B /* SelectView.swift in Sources */,
				076EF3E92BDE976200BBAACA /* PostRecipeViewModel.swift in Sources */,
				B354154C2BDEA5BE005EE291 /* JSONParsing.swift in Sources */,
				0770E1872BDDAA61005602F0 /* AuthenticationManager.swift in Sources */,
				0770E1812BDDAA1B005602F0 /* LoginView.swift in Sources */,
				B35415542BDEBFEF005EE291 /* HeartButtonView.swift in Sources */,
				80A549702BDDD53B00C0E45B /* SearchBarView.swift in Sources */,
				80D658902BDEA1BB003DD900 /* RecipeView.swift in Sources */,
				076EF3EF2BDE9BCC00BBAACA /* RecipeManager.swift in Sources */,
				076EF3DF2BDDF4C500BBAACA /* CatergoryTabView.swift in Sources */,
				0770E1832BDDAA25005602F0 /* LoginViewModel.swift in Sources */,
				80D6588E2BDE1040003DD900 /* SearchView.swift in Sources */,
				80358E832BDDEE0800A5AA40 /* CarouselView.swift in Sources */,
				076EF3E52BDE92EA00BBAACA /* PostRecipeButton.swift in Sources */,
				07A44ED72BDDBACA0032E86B /* HomeView.swift in Sources */,
				0770E1852BDDAA48005602F0 /* SignInGoogleHelper.swift in Sources */,
				B35415502BDEA5DB005EE291 /* testing.swift in Sources */,
				076EF3E12BDE0B9700BBAACA /* RecipeItemView.swift in Sources */,
				076EF3D42BDDE21000BBAACA /* UserViewModel.swift in Sources */,
				07A44EE42BDDD5E60032E86B /* FavoriteView.swift in Sources */,
				0770E1892BDDAAA8005602F0 /* Utilities.swift in Sources */,
				07A44ED32BDDAC900032E86B /* UserModel.swift in Sources */,
				07A44ED52BDDACE50032E86B /* UserManager.swift in Sources */,
				07A44EE62BDDD5F00032E86B /* ProfileView.swift in Sources */,
				073A22642BDD9FA200B1E4D6 /* MooMenuApp.swift in Sources */,
			);
			runOnlyForDeploymentPostprocessing = 0;
		};
/* End PBXSourcesBuildPhase section */

/* Begin XCBuildConfiguration section */
		073A226C2BDD9FA500B1E4D6 /* Debug */ = {
			isa = XCBuildConfiguration;
			buildSettings = {
				ALWAYS_SEARCH_USER_PATHS = NO;
				ASSETCATALOG_COMPILER_GENERATE_SWIFT_ASSET_SYMBOL_EXTENSIONS = YES;
				CLANG_ANALYZER_NONNULL = YES;
				CLANG_ANALYZER_NUMBER_OBJECT_CONVERSION = YES_AGGRESSIVE;
				CLANG_CXX_LANGUAGE_STANDARD = "gnu++20";
				CLANG_ENABLE_MODULES = YES;
				CLANG_ENABLE_OBJC_ARC = YES;
				CLANG_ENABLE_OBJC_WEAK = YES;
				CLANG_WARN_BLOCK_CAPTURE_AUTORELEASING = YES;
				CLANG_WARN_BOOL_CONVERSION = YES;
				CLANG_WARN_COMMA = YES;
				CLANG_WARN_CONSTANT_CONVERSION = YES;
				CLANG_WARN_DEPRECATED_OBJC_IMPLEMENTATIONS = YES;
				CLANG_WARN_DIRECT_OBJC_ISA_USAGE = YES_ERROR;
				CLANG_WARN_DOCUMENTATION_COMMENTS = YES;
				CLANG_WARN_EMPTY_BODY = YES;
				CLANG_WARN_ENUM_CONVERSION = YES;
				CLANG_WARN_INFINITE_RECURSION = YES;
				CLANG_WARN_INT_CONVERSION = YES;
				CLANG_WARN_NON_LITERAL_NULL_CONVERSION = YES;
				CLANG_WARN_OBJC_IMPLICIT_RETAIN_SELF = YES;
				CLANG_WARN_OBJC_LITERAL_CONVERSION = YES;
				CLANG_WARN_OBJC_ROOT_CLASS = YES_ERROR;
				CLANG_WARN_QUOTED_INCLUDE_IN_FRAMEWORK_HEADER = YES;
				CLANG_WARN_RANGE_LOOP_ANALYSIS = YES;
				CLANG_WARN_STRICT_PROTOTYPES = YES;
				CLANG_WARN_SUSPICIOUS_MOVE = YES;
				CLANG_WARN_UNGUARDED_AVAILABILITY = YES_AGGRESSIVE;
				CLANG_WARN_UNREACHABLE_CODE = YES;
				CLANG_WARN__DUPLICATE_METHOD_MATCH = YES;
				COPY_PHASE_STRIP = NO;
				DEBUG_INFORMATION_FORMAT = dwarf;
				ENABLE_STRICT_OBJC_MSGSEND = YES;
				ENABLE_TESTABILITY = YES;
				ENABLE_USER_SCRIPT_SANDBOXING = YES;
				GCC_C_LANGUAGE_STANDARD = gnu17;
				GCC_DYNAMIC_NO_PIC = NO;
				GCC_NO_COMMON_BLOCKS = YES;
				GCC_OPTIMIZATION_LEVEL = 0;
				GCC_PREPROCESSOR_DEFINITIONS = (
					"DEBUG=1",
					"$(inherited)",
				);
				GCC_WARN_64_TO_32_BIT_CONVERSION = YES;
				GCC_WARN_ABOUT_RETURN_TYPE = YES_ERROR;
				GCC_WARN_UNDECLARED_SELECTOR = YES;
				GCC_WARN_UNINITIALIZED_AUTOS = YES_AGGRESSIVE;
				GCC_WARN_UNUSED_FUNCTION = YES;
				GCC_WARN_UNUSED_VARIABLE = YES;
				IPHONEOS_DEPLOYMENT_TARGET = 17.4;
				LOCALIZATION_PREFERS_STRING_CATALOGS = YES;
				MTL_ENABLE_DEBUG_INFO = INCLUDE_SOURCE;
				MTL_FAST_MATH = YES;
				ONLY_ACTIVE_ARCH = YES;
				SDKROOT = iphoneos;
				SWIFT_ACTIVE_COMPILATION_CONDITIONS = "DEBUG $(inherited)";
				SWIFT_OPTIMIZATION_LEVEL = "-Onone";
			};
			name = Debug;
		};
		073A226D2BDD9FA500B1E4D6 /* Release */ = {
			isa = XCBuildConfiguration;
			buildSettings = {
				ALWAYS_SEARCH_USER_PATHS = NO;
				ASSETCATALOG_COMPILER_GENERATE_SWIFT_ASSET_SYMBOL_EXTENSIONS = YES;
				CLANG_ANALYZER_NONNULL = YES;
				CLANG_ANALYZER_NUMBER_OBJECT_CONVERSION = YES_AGGRESSIVE;
				CLANG_CXX_LANGUAGE_STANDARD = "gnu++20";
				CLANG_ENABLE_MODULES = YES;
				CLANG_ENABLE_OBJC_ARC = YES;
				CLANG_ENABLE_OBJC_WEAK = YES;
				CLANG_WARN_BLOCK_CAPTURE_AUTORELEASING = YES;
				CLANG_WARN_BOOL_CONVERSION = YES;
				CLANG_WARN_COMMA = YES;
				CLANG_WARN_CONSTANT_CONVERSION = YES;
				CLANG_WARN_DEPRECATED_OBJC_IMPLEMENTATIONS = YES;
				CLANG_WARN_DIRECT_OBJC_ISA_USAGE = YES_ERROR;
				CLANG_WARN_DOCUMENTATION_COMMENTS = YES;
				CLANG_WARN_EMPTY_BODY = YES;
				CLANG_WARN_ENUM_CONVERSION = YES;
				CLANG_WARN_INFINITE_RECURSION = YES;
				CLANG_WARN_INT_CONVERSION = YES;
				CLANG_WARN_NON_LITERAL_NULL_CONVERSION = YES;
				CLANG_WARN_OBJC_IMPLICIT_RETAIN_SELF = YES;
				CLANG_WARN_OBJC_LITERAL_CONVERSION = YES;
				CLANG_WARN_OBJC_ROOT_CLASS = YES_ERROR;
				CLANG_WARN_QUOTED_INCLUDE_IN_FRAMEWORK_HEADER = YES;
				CLANG_WARN_RANGE_LOOP_ANALYSIS = YES;
				CLANG_WARN_STRICT_PROTOTYPES = YES;
				CLANG_WARN_SUSPICIOUS_MOVE = YES;
				CLANG_WARN_UNGUARDED_AVAILABILITY = YES_AGGRESSIVE;
				CLANG_WARN_UNREACHABLE_CODE = YES;
				CLANG_WARN__DUPLICATE_METHOD_MATCH = YES;
				COPY_PHASE_STRIP = NO;
				DEBUG_INFORMATION_FORMAT = "dwarf-with-dsym";
				ENABLE_NS_ASSERTIONS = NO;
				ENABLE_STRICT_OBJC_MSGSEND = YES;
				ENABLE_USER_SCRIPT_SANDBOXING = YES;
				GCC_C_LANGUAGE_STANDARD = gnu17;
				GCC_NO_COMMON_BLOCKS = YES;
				GCC_WARN_64_TO_32_BIT_CONVERSION = YES;
				GCC_WARN_ABOUT_RETURN_TYPE = YES_ERROR;
				GCC_WARN_UNDECLARED_SELECTOR = YES;
				GCC_WARN_UNINITIALIZED_AUTOS = YES_AGGRESSIVE;
				GCC_WARN_UNUSED_FUNCTION = YES;
				GCC_WARN_UNUSED_VARIABLE = YES;
				IPHONEOS_DEPLOYMENT_TARGET = 17.4;
				LOCALIZATION_PREFERS_STRING_CATALOGS = YES;
				MTL_ENABLE_DEBUG_INFO = NO;
				MTL_FAST_MATH = YES;
				SDKROOT = iphoneos;
				SWIFT_COMPILATION_MODE = wholemodule;
				VALIDATE_PRODUCT = YES;
			};
			name = Release;
		};
		073A226F2BDD9FA500B1E4D6 /* Debug */ = {
			isa = XCBuildConfiguration;
			buildSettings = {
				ASSETCATALOG_COMPILER_APPICON_NAME = AppIcon;
				ASSETCATALOG_COMPILER_GLOBAL_ACCENT_COLOR_NAME = AccentColor;
				CODE_SIGN_STYLE = Automatic;
				CURRENT_PROJECT_VERSION = 1;
				DEVELOPMENT_ASSET_PATHS = "\"MooMenu/Preview Content\"";
				DEVELOPMENT_TEAM = H9PP879423;
				ENABLE_PREVIEWS = YES;
				GENERATE_INFOPLIST_FILE = YES;
				INFOPLIST_FILE = MooMenu/Info.plist;
				INFOPLIST_KEY_CFBundleDisplayName = "";
				INFOPLIST_KEY_LSApplicationCategoryType = "";
				INFOPLIST_KEY_UIApplicationSceneManifest_Generation = YES;
				INFOPLIST_KEY_UIApplicationSupportsIndirectInputEvents = YES;
				INFOPLIST_KEY_UILaunchScreen_Generation = YES;
				INFOPLIST_KEY_UISupportedInterfaceOrientations_iPad = "UIInterfaceOrientationPortrait UIInterfaceOrientationPortraitUpsideDown UIInterfaceOrientationLandscapeLeft UIInterfaceOrientationLandscapeRight";
				INFOPLIST_KEY_UISupportedInterfaceOrientations_iPhone = "UIInterfaceOrientationPortrait UIInterfaceOrientationLandscapeLeft UIInterfaceOrientationLandscapeRight";
				LD_RUNPATH_SEARCH_PATHS = (
					"$(inherited)",
					"@executable_path/Frameworks",
				);
				MARKETING_VERSION = 1.0;
				PRODUCT_BUNDLE_IDENTIFIER = ucdavis.cs.hackdavis2024.MooMenu;
				PRODUCT_NAME = "$(TARGET_NAME)";
				SWIFT_EMIT_LOC_STRINGS = YES;
				SWIFT_VERSION = 5.0;
				TARGETED_DEVICE_FAMILY = "1,2";
			};
			name = Debug;
		};
		073A22702BDD9FA500B1E4D6 /* Release */ = {
			isa = XCBuildConfiguration;
			buildSettings = {
				ASSETCATALOG_COMPILER_APPICON_NAME = AppIcon;
				ASSETCATALOG_COMPILER_GLOBAL_ACCENT_COLOR_NAME = AccentColor;
				CODE_SIGN_STYLE = Automatic;
				CURRENT_PROJECT_VERSION = 1;
				DEVELOPMENT_ASSET_PATHS = "\"MooMenu/Preview Content\"";
				DEVELOPMENT_TEAM = H9PP879423;
				ENABLE_PREVIEWS = YES;
				GENERATE_INFOPLIST_FILE = YES;
				INFOPLIST_FILE = MooMenu/Info.plist;
				INFOPLIST_KEY_CFBundleDisplayName = "";
				INFOPLIST_KEY_LSApplicationCategoryType = "";
				INFOPLIST_KEY_UIApplicationSceneManifest_Generation = YES;
				INFOPLIST_KEY_UIApplicationSupportsIndirectInputEvents = YES;
				INFOPLIST_KEY_UILaunchScreen_Generation = YES;
				INFOPLIST_KEY_UISupportedInterfaceOrientations_iPad = "UIInterfaceOrientationPortrait UIInterfaceOrientationPortraitUpsideDown UIInterfaceOrientationLandscapeLeft UIInterfaceOrientationLandscapeRight";
				INFOPLIST_KEY_UISupportedInterfaceOrientations_iPhone = "UIInterfaceOrientationPortrait UIInterfaceOrientationLandscapeLeft UIInterfaceOrientationLandscapeRight";
				LD_RUNPATH_SEARCH_PATHS = (
					"$(inherited)",
					"@executable_path/Frameworks",
				);
				MARKETING_VERSION = 1.0;
				PRODUCT_BUNDLE_IDENTIFIER = ucdavis.cs.hackdavis2024.MooMenu;
				PRODUCT_NAME = "$(TARGET_NAME)";
				SWIFT_EMIT_LOC_STRINGS = YES;
				SWIFT_VERSION = 5.0;
				TARGETED_DEVICE_FAMILY = "1,2";
			};
			name = Release;
		};
/* End XCBuildConfiguration section */

/* Begin XCConfigurationList section */
		073A225B2BDD9FA200B1E4D6 /* Build configuration list for PBXProject "MooMenu" */ = {
			isa = XCConfigurationList;
			buildConfigurations = (
				073A226C2BDD9FA500B1E4D6 /* Debug */,
				073A226D2BDD9FA500B1E4D6 /* Release */,
			);
			defaultConfigurationIsVisible = 0;
			defaultConfigurationName = Release;
		};
		073A226E2BDD9FA500B1E4D6 /* Build configuration list for PBXNativeTarget "MooMenu" */ = {
			isa = XCConfigurationList;
			buildConfigurations = (
				073A226F2BDD9FA500B1E4D6 /* Debug */,
				073A22702BDD9FA500B1E4D6 /* Release */,
			);
			defaultConfigurationIsVisible = 0;
			defaultConfigurationName = Release;
		};
/* End XCConfigurationList section */

/* Begin XCRemoteSwiftPackageReference section */
		0770E1622BDDA214005602F0 /* XCRemoteSwiftPackageReference "firebase-ios-sdk" */ = {
			isa = XCRemoteSwiftPackageReference;
			repositoryURL = "https://github.com/firebase/firebase-ios-sdk";
			requirement = {
				kind = upToNextMajorVersion;
				minimumVersion = 10.24.0;
			};
		};
		0770E16F2BDDA264005602F0 /* XCRemoteSwiftPackageReference "GoogleSignIn-iOS" */ = {
			isa = XCRemoteSwiftPackageReference;
			repositoryURL = "https://github.com/google/GoogleSignIn-iOS";
			requirement = {
				kind = upToNextMajorVersion;
				minimumVersion = 7.1.0;
			};
		};
/* End XCRemoteSwiftPackageReference section */

/* Begin XCSwiftPackageProductDependency section */
		80A24CCA2BDDE9CD00C5467E /* FirebaseAnalytics */ = {
			isa = XCSwiftPackageProductDependency;
			package = 0770E1622BDDA214005602F0 /* XCRemoteSwiftPackageReference "firebase-ios-sdk" */;
			productName = FirebaseAnalytics;
		};
		80A24CCC2BDDE9CD00C5467E /* FirebaseAnalyticsSwift */ = {
			isa = XCSwiftPackageProductDependency;
			package = 0770E1622BDDA214005602F0 /* XCRemoteSwiftPackageReference "firebase-ios-sdk" */;
			productName = FirebaseAnalyticsSwift;
		};
		80A24CCE2BDDE9CD00C5467E /* FirebaseAuth */ = {
			isa = XCSwiftPackageProductDependency;
			package = 0770E1622BDDA214005602F0 /* XCRemoteSwiftPackageReference "firebase-ios-sdk" */;
			productName = FirebaseAuth;
		};
		80A24CD02BDDE9CD00C5467E /* FirebaseFirestore */ = {
			isa = XCSwiftPackageProductDependency;
			package = 0770E1622BDDA214005602F0 /* XCRemoteSwiftPackageReference "firebase-ios-sdk" */;
			productName = FirebaseFirestore;
		};
		80A24CD22BDDE9CD00C5467E /* FirebaseFirestoreSwift */ = {
			isa = XCSwiftPackageProductDependency;
			package = 0770E1622BDDA214005602F0 /* XCRemoteSwiftPackageReference "firebase-ios-sdk" */;
			productName = FirebaseFirestoreSwift;
		};
		80A24CD42BDDE9CD00C5467E /* FirebaseStorage */ = {
			isa = XCSwiftPackageProductDependency;
			package = 0770E1622BDDA214005602F0 /* XCRemoteSwiftPackageReference "firebase-ios-sdk" */;
			productName = FirebaseStorage;
		};
		80A24CD62BDDE9D500C5467E /* GoogleSignIn */ = {
			isa = XCSwiftPackageProductDependency;
			package = 0770E16F2BDDA264005602F0 /* XCRemoteSwiftPackageReference "GoogleSignIn-iOS" */;
			productName = GoogleSignIn;
		};
		80A24CD82BDDE9D500C5467E /* GoogleSignInSwift */ = {
			isa = XCSwiftPackageProductDependency;
			package = 0770E16F2BDDA264005602F0 /* XCRemoteSwiftPackageReference "GoogleSignIn-iOS" */;
			productName = GoogleSignInSwift;
		};
/* End XCSwiftPackageProductDependency section */
	};
	rootObject = 073A22582BDD9FA200B1E4D6 /* Project object */;
}
